# THIS IS AN AUTOGENERATED FILE. DO NOT EDIT THIS FILE DIRECTLY.
# yarn lockfile v1


codemods-hello-world@0.0.2:
  version "0.0.2"
  resolved "https://registry.yarnpkg.com/codemods-hello-world/-/codemods-hello-world-0.0.2.tgz#5d35b51167f806d7d42c55284fb528d9ac83b328"
  integrity sha512-EpesYpcfA1y4xaYSCvhLSa04Zbbz30eRUQroYxte9mS/NYRS0Jaw2veohShEI9KKxDWrCPjyb7qnTmmB+CIe7A==
